
Microsoft Visual Studio Solution File, Format Version 12.00
# Visual Studio Version 17
VisualStudioVersion = 17.0.32112.339
MinimumVisualStudioVersion = 10.0.40219.1
Project("{FAE04EC0-301F-11D3-BF4B-00C04F79EFBC}") = "day16 project2", "day16 project2\day16 project2.csproj", "{7E082BA7-6214-45A3-8EEE-CDBA0F65D1D2}"
EndProject
Global
	GlobalSection(SolutionConfigurationPlatforms) = preSolution
		Debug|Any CPU = Debug|Any CPU
		Release|Any CPU = Release|Any CPU
	EndGlobalSection
	GlobalSection(ProjectConfigurationPlatforms) = postSolution
		{7E082BA7-6214-45A3-8EEE-CDBA0F65D1D2}.Debug|Any CPU.ActiveCfg = Debug|Any CPU
		{7E082BA7-6214-45A3-8EEE-CDBA0F65D1D2}.Debug|Any CPU.Build.0 = Debug|Any CPU
		{7E082BA7-6214-45A3-8EEE-CDBA0F65D1D2}.Release|Any CPU.ActiveCfg = Release|Any CPU
		{7E082BA7-6214-45A3-8EEE-CDBA0F65D1D2}.Release|Any CPU.Build.0 = Release|Any CPU
	EndGlobalSection
	GlobalSection(SolutionProperties) = preSolution
		HideSolutionNode = FALSE
	EndGlobalSection
	GlobalSection(ExtensibilityGlobals) = postSolution
		SolutionGuid = {988F4E96-AE36-4792-A903-9032F65BFD61}
	EndGlobalSection
EndGlobal
