
Microsoft Visual Studio Solution File, Format Version 12.00
# Visual Studio Version 17
VisualStudioVersion = 17.0.32112.339
MinimumVisualStudioVersion = 10.0.40219.1
Project("{FAE04EC0-301F-11D3-BF4B-00C04F79EFBC}") = "day17project1", "day17project1\day17project1.csproj", "{4011C482-6566-497C-9763-12743C40444A}"
EndProject
Project("{FAE04EC0-301F-11D3-BF4B-00C04F79EFBC}") = "MounikaLibrary", "MounikaLibrary\MounikaLibrary.csproj", "{73110B41-7361-4FFF-A0BA-AD3DDD5DCAE4}"
EndProject
Project("{FAE04EC0-301F-11D3-BF4B-00C04F79EFBC}") = "PublicLibrary", "PublicLibrary\PublicLibrary.csproj", "{C08964D6-D8E9-4542-946C-78CFFECA97AF}"
EndProject
Global
	GlobalSection(SolutionConfigurationPlatforms) = preSolution
		Debug|Any CPU = Debug|Any CPU
		Release|Any CPU = Release|Any CPU
	EndGlobalSection
	GlobalSection(ProjectConfigurationPlatforms) = postSolution
		{4011C482-6566-497C-9763-12743C40444A}.Debug|Any CPU.ActiveCfg = Debug|Any CPU
		{4011C482-6566-497C-9763-12743C40444A}.Debug|Any CPU.Build.0 = Debug|Any CPU
		{4011C482-6566-497C-9763-12743C40444A}.Release|Any CPU.ActiveCfg = Release|Any CPU
		{4011C482-6566-497C-9763-12743C40444A}.Release|Any CPU.Build.0 = Release|Any CPU
		{73110B41-7361-4FFF-A0BA-AD3DDD5DCAE4}.Debug|Any CPU.ActiveCfg = Debug|Any CPU
		{73110B41-7361-4FFF-A0BA-AD3DDD5DCAE4}.Debug|Any CPU.Build.0 = Debug|Any CPU
		{73110B41-7361-4FFF-A0BA-AD3DDD5DCAE4}.Release|Any CPU.ActiveCfg = Release|Any CPU
		{73110B41-7361-4FFF-A0BA-AD3DDD5DCAE4}.Release|Any CPU.Build.0 = Release|Any CPU
		{C08964D6-D8E9-4542-946C-78CFFECA97AF}.Debug|Any CPU.ActiveCfg = Debug|Any CPU
		{C08964D6-D8E9-4542-946C-78CFFECA97AF}.Debug|Any CPU.Build.0 = Debug|Any CPU
		{C08964D6-D8E9-4542-946C-78CFFECA97AF}.Release|Any CPU.ActiveCfg = Release|Any CPU
		{C08964D6-D8E9-4542-946C-78CFFECA97AF}.Release|Any CPU.Build.0 = Release|Any CPU
	EndGlobalSection
	GlobalSection(SolutionProperties) = preSolution
		HideSolutionNode = FALSE
	EndGlobalSection
	GlobalSection(ExtensibilityGlobals) = postSolution
		SolutionGuid = {70C2D7B8-01B6-4A53-819B-BFF0A486DA67}
	EndGlobalSection
EndGlobal
