
Microsoft Visual Studio Solution File, Format Version 12.00
# Visual Studio Version 17
VisualStudioVersion = 17.0.32112.339
MinimumVisualStudioVersion = 10.0.40219.1
Project("{FAE04EC0-301F-11D3-BF4B-00C04F79EFBC}") = "ConsoleApp7", "ConsoleApp7\ConsoleApp7.csproj", "{D89D1CE3-0396-4AEB-8297-F4A8D5289B0B}"
EndProject
Global
	GlobalSection(SolutionConfigurationPlatforms) = preSolution
		Debug|Any CPU = Debug|Any CPU
		Release|Any CPU = Release|Any CPU
	EndGlobalSection
	GlobalSection(ProjectConfigurationPlatforms) = postSolution
		{D89D1CE3-0396-4AEB-8297-F4A8D5289B0B}.Debug|Any CPU.ActiveCfg = Debug|Any CPU
		{D89D1CE3-0396-4AEB-8297-F4A8D5289B0B}.Debug|Any CPU.Build.0 = Debug|Any CPU
		{D89D1CE3-0396-4AEB-8297-F4A8D5289B0B}.Release|Any CPU.ActiveCfg = Release|Any CPU
		{D89D1CE3-0396-4AEB-8297-F4A8D5289B0B}.Release|Any CPU.Build.0 = Release|Any CPU
	EndGlobalSection
	GlobalSection(SolutionProperties) = preSolution
		HideSolutionNode = FALSE
	EndGlobalSection
	GlobalSection(ExtensibilityGlobals) = postSolution
		SolutionGuid = {41BC09DB-ACEF-4CED-BDDD-1FBE7799E134}
	EndGlobalSection
EndGlobal
