
Microsoft Visual Studio Solution File, Format Version 12.00
# Visual Studio Version 17
VisualStudioVersion = 17.0.32112.339
MinimumVisualStudioVersion = 10.0.40219.1
Project("{FAE04EC0-301F-11D3-BF4B-00C04F79EFBC}") = "day9project1", "day9project1\day9project1.csproj", "{8FFE9D6D-EAAC-4007-AD24-E5A56D42A20B}"
EndProject
Global
	GlobalSection(SolutionConfigurationPlatforms) = preSolution
		Debug|Any CPU = Debug|Any CPU
		Release|Any CPU = Release|Any CPU
	EndGlobalSection
	GlobalSection(ProjectConfigurationPlatforms) = postSolution
		{8FFE9D6D-EAAC-4007-AD24-E5A56D42A20B}.Debug|Any CPU.ActiveCfg = Debug|Any CPU
		{8FFE9D6D-EAAC-4007-AD24-E5A56D42A20B}.Debug|Any CPU.Build.0 = Debug|Any CPU
		{8FFE9D6D-EAAC-4007-AD24-E5A56D42A20B}.Release|Any CPU.ActiveCfg = Release|Any CPU
		{8FFE9D6D-EAAC-4007-AD24-E5A56D42A20B}.Release|Any CPU.Build.0 = Release|Any CPU
	EndGlobalSection
	GlobalSection(SolutionProperties) = preSolution
		HideSolutionNode = FALSE
	EndGlobalSection
	GlobalSection(ExtensibilityGlobals) = postSolution
		SolutionGuid = {79132400-5E51-493A-8198-FB7BCA0CE475}
	EndGlobalSection
EndGlobal
