
Microsoft Visual Studio Solution File, Format Version 12.00
# Visual Studio Version 17
VisualStudioVersion = 17.0.32112.339
MinimumVisualStudioVersion = 10.0.40219.1
Project("{FAE04EC0-301F-11D3-BF4B-00C04F79EFBC}") = "day12project2", "day12project2\day12project2.csproj", "{98F1C815-9D0B-494B-B345-D9559AC47AE9}"
EndProject
Global
	GlobalSection(SolutionConfigurationPlatforms) = preSolution
		Debug|Any CPU = Debug|Any CPU
		Release|Any CPU = Release|Any CPU
	EndGlobalSection
	GlobalSection(ProjectConfigurationPlatforms) = postSolution
		{98F1C815-9D0B-494B-B345-D9559AC47AE9}.Debug|Any CPU.ActiveCfg = Debug|Any CPU
		{98F1C815-9D0B-494B-B345-D9559AC47AE9}.Debug|Any CPU.Build.0 = Debug|Any CPU
		{98F1C815-9D0B-494B-B345-D9559AC47AE9}.Release|Any CPU.ActiveCfg = Release|Any CPU
		{98F1C815-9D0B-494B-B345-D9559AC47AE9}.Release|Any CPU.Build.0 = Release|Any CPU
	EndGlobalSection
	GlobalSection(SolutionProperties) = preSolution
		HideSolutionNode = FALSE
	EndGlobalSection
	GlobalSection(ExtensibilityGlobals) = postSolution
		SolutionGuid = {69E6638E-0F73-472E-9552-D6601A230477}
	EndGlobalSection
EndGlobal
