
Microsoft Visual Studio Solution File, Format Version 12.00
# Visual Studio Version 17
VisualStudioVersion = 17.0.32112.339
MinimumVisualStudioVersion = 10.0.40219.1
Project("{FAE04EC0-301F-11D3-BF4B-00C04F79EFBC}") = "day13project", "day13project\day13project.csproj", "{032ABE30-1025-4362-99F8-ED42788CDA9E}"
EndProject
Global
	GlobalSection(SolutionConfigurationPlatforms) = preSolution
		Debug|Any CPU = Debug|Any CPU
		Release|Any CPU = Release|Any CPU
	EndGlobalSection
	GlobalSection(ProjectConfigurationPlatforms) = postSolution
		{032ABE30-1025-4362-99F8-ED42788CDA9E}.Debug|Any CPU.ActiveCfg = Debug|Any CPU
		{032ABE30-1025-4362-99F8-ED42788CDA9E}.Debug|Any CPU.Build.0 = Debug|Any CPU
		{032ABE30-1025-4362-99F8-ED42788CDA9E}.Release|Any CPU.ActiveCfg = Release|Any CPU
		{032ABE30-1025-4362-99F8-ED42788CDA9E}.Release|Any CPU.Build.0 = Release|Any CPU
	EndGlobalSection
	GlobalSection(SolutionProperties) = preSolution
		HideSolutionNode = FALSE
	EndGlobalSection
	GlobalSection(ExtensibilityGlobals) = postSolution
		SolutionGuid = {F2ED32B5-FC72-4D9F-9E9F-952888F403B4}
	EndGlobalSection
EndGlobal
