
Microsoft Visual Studio Solution File, Format Version 12.00
# Visual Studio Version 17
VisualStudioVersion = 17.0.32112.339
MinimumVisualStudioVersion = 10.0.40219.1
Project("{FAE04EC0-301F-11D3-BF4B-00C04F79EFBC}") = "ConsoleApp2", "ConsoleApp2\ConsoleApp2.csproj", "{8E8C52FB-4203-49CC-8A47-949D57890004}"
EndProject
Global
	GlobalSection(SolutionConfigurationPlatforms) = preSolution
		Debug|Any CPU = Debug|Any CPU
		Release|Any CPU = Release|Any CPU
	EndGlobalSection
	GlobalSection(ProjectConfigurationPlatforms) = postSolution
		{8E8C52FB-4203-49CC-8A47-949D57890004}.Debug|Any CPU.ActiveCfg = Debug|Any CPU
		{8E8C52FB-4203-49CC-8A47-949D57890004}.Debug|Any CPU.Build.0 = Debug|Any CPU
		{8E8C52FB-4203-49CC-8A47-949D57890004}.Release|Any CPU.ActiveCfg = Release|Any CPU
		{8E8C52FB-4203-49CC-8A47-949D57890004}.Release|Any CPU.Build.0 = Release|Any CPU
	EndGlobalSection
	GlobalSection(SolutionProperties) = preSolution
		HideSolutionNode = FALSE
	EndGlobalSection
	GlobalSection(ExtensibilityGlobals) = postSolution
		SolutionGuid = {3C9E9CC4-D5AB-4DFC-B9B6-7CBC7172F7DA}
	EndGlobalSection
EndGlobal
