
Microsoft Visual Studio Solution File, Format Version 12.00
# Visual Studio Version 17
VisualStudioVersion = 17.0.32112.339
MinimumVisualStudioVersion = 10.0.40219.1
Project("{FAE04EC0-301F-11D3-BF4B-00C04F79EFBC}") = "day8project1", "day8project1\day8project1.csproj", "{8BC1F1B1-193A-412E-9A23-65FCC18AC297}"
EndProject
Global
	GlobalSection(SolutionConfigurationPlatforms) = preSolution
		Debug|Any CPU = Debug|Any CPU
		Release|Any CPU = Release|Any CPU
	EndGlobalSection
	GlobalSection(ProjectConfigurationPlatforms) = postSolution
		{8BC1F1B1-193A-412E-9A23-65FCC18AC297}.Debug|Any CPU.ActiveCfg = Debug|Any CPU
		{8BC1F1B1-193A-412E-9A23-65FCC18AC297}.Debug|Any CPU.Build.0 = Debug|Any CPU
		{8BC1F1B1-193A-412E-9A23-65FCC18AC297}.Release|Any CPU.ActiveCfg = Release|Any CPU
		{8BC1F1B1-193A-412E-9A23-65FCC18AC297}.Release|Any CPU.Build.0 = Release|Any CPU
	EndGlobalSection
	GlobalSection(SolutionProperties) = preSolution
		HideSolutionNode = FALSE
	EndGlobalSection
	GlobalSection(ExtensibilityGlobals) = postSolution
		SolutionGuid = {E7C12C41-1502-4192-94A6-E0A7B5C3FA5D}
	EndGlobalSection
EndGlobal
