
Microsoft Visual Studio Solution File, Format Version 12.00
# Visual Studio Version 17
VisualStudioVersion = 17.0.32112.339
MinimumVisualStudioVersion = 10.0.40219.1
Project("{FAE04EC0-301F-11D3-BF4B-00C04F79EFBC}") = "day14project2", "day14project2\day14project2.csproj", "{37E7CD39-87E3-46E7-9A63-098861D1623E}"
EndProject
Global
	GlobalSection(SolutionConfigurationPlatforms) = preSolution
		Debug|Any CPU = Debug|Any CPU
		Release|Any CPU = Release|Any CPU
	EndGlobalSection
	GlobalSection(ProjectConfigurationPlatforms) = postSolution
		{37E7CD39-87E3-46E7-9A63-098861D1623E}.Debug|Any CPU.ActiveCfg = Debug|Any CPU
		{37E7CD39-87E3-46E7-9A63-098861D1623E}.Debug|Any CPU.Build.0 = Debug|Any CPU
		{37E7CD39-87E3-46E7-9A63-098861D1623E}.Release|Any CPU.ActiveCfg = Release|Any CPU
		{37E7CD39-87E3-46E7-9A63-098861D1623E}.Release|Any CPU.Build.0 = Release|Any CPU
	EndGlobalSection
	GlobalSection(SolutionProperties) = preSolution
		HideSolutionNode = FALSE
	EndGlobalSection
	GlobalSection(ExtensibilityGlobals) = postSolution
		SolutionGuid = {840C25CF-A088-4825-B716-A1B2F1949EEE}
	EndGlobalSection
EndGlobal
