
Microsoft Visual Studio Solution File, Format Version 12.00
# Visual Studio Version 17
VisualStudioVersion = 17.1.32210.238
MinimumVisualStudioVersion = 10.0.40219.1
Project("{FAE04EC0-301F-11D3-BF4B-00C04F79EFBC}") = "WindowsFormsApp", "WindowsFormsApp\WindowsFormsApp.csproj", "{064C1CE6-A050-4AFF-8616-02F76DF84CE5}"
EndProject
Global
	GlobalSection(SolutionConfigurationPlatforms) = preSolution
		Debug|Any CPU = Debug|Any CPU
		Release|Any CPU = Release|Any CPU
	EndGlobalSection
	GlobalSection(ProjectConfigurationPlatforms) = postSolution
		{064C1CE6-A050-4AFF-8616-02F76DF84CE5}.Debug|Any CPU.ActiveCfg = Debug|Any CPU
		{064C1CE6-A050-4AFF-8616-02F76DF84CE5}.Debug|Any CPU.Build.0 = Debug|Any CPU
		{064C1CE6-A050-4AFF-8616-02F76DF84CE5}.Release|Any CPU.ActiveCfg = Release|Any CPU
		{064C1CE6-A050-4AFF-8616-02F76DF84CE5}.Release|Any CPU.Build.0 = Release|Any CPU
	EndGlobalSection
	GlobalSection(SolutionProperties) = preSolution
		HideSolutionNode = FALSE
	EndGlobalSection
	GlobalSection(ExtensibilityGlobals) = postSolution
		SolutionGuid = {A61DA0D1-728B-4861-86AE-8821444D4875}
	EndGlobalSection
EndGlobal
