
Microsoft Visual Studio Solution File, Format Version 12.00
# Visual Studio Version 17
VisualStudioVersion = 17.0.32112.339
MinimumVisualStudioVersion = 10.0.40219.1
Project("{FAE04EC0-301F-11D3-BF4B-00C04F79EFBC}") = "ConsoleApp3", "ConsoleApp3\ConsoleApp3.csproj", "{6C0A50FB-F356-48F1-8245-440313E6823C}"
EndProject
Global
	GlobalSection(SolutionConfigurationPlatforms) = preSolution
		Debug|Any CPU = Debug|Any CPU
		Release|Any CPU = Release|Any CPU
	EndGlobalSection
	GlobalSection(ProjectConfigurationPlatforms) = postSolution
		{6C0A50FB-F356-48F1-8245-440313E6823C}.Debug|Any CPU.ActiveCfg = Debug|Any CPU
		{6C0A50FB-F356-48F1-8245-440313E6823C}.Debug|Any CPU.Build.0 = Debug|Any CPU
		{6C0A50FB-F356-48F1-8245-440313E6823C}.Release|Any CPU.ActiveCfg = Release|Any CPU
		{6C0A50FB-F356-48F1-8245-440313E6823C}.Release|Any CPU.Build.0 = Release|Any CPU
	EndGlobalSection
	GlobalSection(SolutionProperties) = preSolution
		HideSolutionNode = FALSE
	EndGlobalSection
	GlobalSection(ExtensibilityGlobals) = postSolution
		SolutionGuid = {06503F7C-36AA-494F-B784-1112648FDB59}
	EndGlobalSection
EndGlobal
