
Microsoft Visual Studio Solution File, Format Version 12.00
# Visual Studio Version 17
VisualStudioVersion = 17.0.32112.339
MinimumVisualStudioVersion = 10.0.40219.1
Project("{FAE04EC0-301F-11D3-BF4B-00C04F79EFBC}") = "day13project12", "day13project12\day13project12.csproj", "{1885F8FD-5BF4-4DFA-B510-3ED7928D61DA}"
EndProject
Global
	GlobalSection(SolutionConfigurationPlatforms) = preSolution
		Debug|Any CPU = Debug|Any CPU
		Release|Any CPU = Release|Any CPU
	EndGlobalSection
	GlobalSection(ProjectConfigurationPlatforms) = postSolution
		{1885F8FD-5BF4-4DFA-B510-3ED7928D61DA}.Debug|Any CPU.ActiveCfg = Debug|Any CPU
		{1885F8FD-5BF4-4DFA-B510-3ED7928D61DA}.Debug|Any CPU.Build.0 = Debug|Any CPU
		{1885F8FD-5BF4-4DFA-B510-3ED7928D61DA}.Release|Any CPU.ActiveCfg = Release|Any CPU
		{1885F8FD-5BF4-4DFA-B510-3ED7928D61DA}.Release|Any CPU.Build.0 = Release|Any CPU
	EndGlobalSection
	GlobalSection(SolutionProperties) = preSolution
		HideSolutionNode = FALSE
	EndGlobalSection
	GlobalSection(ExtensibilityGlobals) = postSolution
		SolutionGuid = {A24B2E0D-9D37-4CC2-9368-A6F89BC23747}
	EndGlobalSection
EndGlobal
