
Microsoft Visual Studio Solution File, Format Version 12.00
# Visual Studio Version 17
VisualStudioVersion = 17.0.32112.339
MinimumVisualStudioVersion = 10.0.40219.1
Project("{FAE04EC0-301F-11D3-BF4B-00C04F79EFBC}") = "day3factors", "day3factors\day3factors.csproj", "{633CD179-485E-43F2-8571-E32AAF702D57}"
EndProject
Global
	GlobalSection(SolutionConfigurationPlatforms) = preSolution
		Debug|Any CPU = Debug|Any CPU
		Release|Any CPU = Release|Any CPU
	EndGlobalSection
	GlobalSection(ProjectConfigurationPlatforms) = postSolution
		{633CD179-485E-43F2-8571-E32AAF702D57}.Debug|Any CPU.ActiveCfg = Debug|Any CPU
		{633CD179-485E-43F2-8571-E32AAF702D57}.Debug|Any CPU.Build.0 = Debug|Any CPU
		{633CD179-485E-43F2-8571-E32AAF702D57}.Release|Any CPU.ActiveCfg = Release|Any CPU
		{633CD179-485E-43F2-8571-E32AAF702D57}.Release|Any CPU.Build.0 = Release|Any CPU
	EndGlobalSection
	GlobalSection(SolutionProperties) = preSolution
		HideSolutionNode = FALSE
	EndGlobalSection
	GlobalSection(ExtensibilityGlobals) = postSolution
		SolutionGuid = {E825CB80-38EE-4C12-9834-CB1778D795C4}
	EndGlobalSection
EndGlobal
