
Microsoft Visual Studio Solution File, Format Version 12.00
# Visual Studio Version 17
VisualStudioVersion = 17.0.32112.339
MinimumVisualStudioVersion = 10.0.40219.1
Project("{FAE04EC0-301F-11D3-BF4B-00C04F79EFBC}") = "day19project4", "day19project4\day19project4.csproj", "{F21C181D-C969-4245-9F4C-689754266CFF}"
EndProject
Global
	GlobalSection(SolutionConfigurationPlatforms) = preSolution
		Debug|Any CPU = Debug|Any CPU
		Release|Any CPU = Release|Any CPU
	EndGlobalSection
	GlobalSection(ProjectConfigurationPlatforms) = postSolution
		{F21C181D-C969-4245-9F4C-689754266CFF}.Debug|Any CPU.ActiveCfg = Debug|Any CPU
		{F21C181D-C969-4245-9F4C-689754266CFF}.Debug|Any CPU.Build.0 = Debug|Any CPU
		{F21C181D-C969-4245-9F4C-689754266CFF}.Release|Any CPU.ActiveCfg = Release|Any CPU
		{F21C181D-C969-4245-9F4C-689754266CFF}.Release|Any CPU.Build.0 = Release|Any CPU
	EndGlobalSection
	GlobalSection(SolutionProperties) = preSolution
		HideSolutionNode = FALSE
	EndGlobalSection
	GlobalSection(ExtensibilityGlobals) = postSolution
		SolutionGuid = {742772BC-56A4-4B8A-B337-FC8CFFFB4F76}
	EndGlobalSection
EndGlobal
