
Microsoft Visual Studio Solution File, Format Version 12.00
# Visual Studio Version 17
VisualStudioVersion = 17.0.32112.339
MinimumVisualStudioVersion = 10.0.40219.1
Project("{FAE04EC0-301F-11D3-BF4B-00C04F79EFBC}") = "day16project3", "day16project3\day16project3.csproj", "{B9B2C644-774B-4B95-BC69-2FC4EB6D469B}"
EndProject
Global
	GlobalSection(SolutionConfigurationPlatforms) = preSolution
		Debug|Any CPU = Debug|Any CPU
		Release|Any CPU = Release|Any CPU
	EndGlobalSection
	GlobalSection(ProjectConfigurationPlatforms) = postSolution
		{B9B2C644-774B-4B95-BC69-2FC4EB6D469B}.Debug|Any CPU.ActiveCfg = Debug|Any CPU
		{B9B2C644-774B-4B95-BC69-2FC4EB6D469B}.Debug|Any CPU.Build.0 = Debug|Any CPU
		{B9B2C644-774B-4B95-BC69-2FC4EB6D469B}.Release|Any CPU.ActiveCfg = Release|Any CPU
		{B9B2C644-774B-4B95-BC69-2FC4EB6D469B}.Release|Any CPU.Build.0 = Release|Any CPU
	EndGlobalSection
	GlobalSection(SolutionProperties) = preSolution
		HideSolutionNode = FALSE
	EndGlobalSection
	GlobalSection(ExtensibilityGlobals) = postSolution
		SolutionGuid = {5324F39E-EE19-48E0-9C5E-24EB50663024}
	EndGlobalSection
EndGlobal
